Microsoft Visual Studio Solution File, Format Version 11.00
# Visual Studio 2008

Project("{5FE2F824-979D-481A-92AC-1E52598D759F}") = "SafeSpace", "Assembly-CSharp.csproj", "{0FF8031D-960F-6441-D938-315C9270B88F}"
EndProject
Global
	GlobalSection(SolutionConfigurationPlatforms) = preSolution
		Debug|Any CPU = Debug|Any CPU
		Release|Any CPU = Release|Any CPU
	EndGlobalSection
	GlobalSection(ProjectConfigurationPlatforms) = postSolution
		{0FF8031D-960F-6441-D938-315C9270B88F}.Debug|Any CPU.ActiveCfg = Debug|Any CPU
		{0FF8031D-960F-6441-D938-315C9270B88F}.Debug|Any CPU.Build.0 = Debug|Any CPU
		{0FF8031D-960F-6441-D938-315C9270B88F}.Release|Any CPU.ActiveCfg = Release|Any CPU
		{0FF8031D-960F-6441-D938-315C9270B88F}.Release|Any CPU.Build.0 = Release|Any CPU
	EndGlobalSection
	GlobalSection(SolutionProperties) = preSolution
		HideSolutionNode = FALSE
	EndGlobalSection
	GlobalSection(MonoDevelopProperties) = preSolution
		StartupItem = Assembly-CSharp.csproj
	EndGlobalSection
EndGlobal
